// !$*UTF8*$!
{
	archiveVersion = 1;
	classes = {
	};
	objectVersion = 46;
	objects = {

/* Begin PBXBuildFile section */
		4BD9CFB619DD4E68004B0288 /* main.cpp in Sources */ = {isa = PBXBuildFile; fileRef = 4BD9CFB519DD4E68004B0288 /* main.cpp */; };
		4BD9CFC219DD4EAF004B0288 /* libavcodec.55.52.102.dylib in Frameworks */ = {isa = PBXBuildFile; fileRef = 4BD9CFBC19DD4EAF004B0288 /* libavcodec.55.52.102.dylib */; };
		4BD9CFC319DD4EAF004B0288 /* libavdevice.55.10.100.dylib in Frameworks */ = {isa = PBXBuildFile; fileRef = 4BD9CFBD19DD4EAF004B0288 /* libavdevice.55.10.100.dylib */; };
		4BD9CFC419DD4EAF004B0288 /* libavfilter.4.2.100.dylib in Frameworks */ = {isa = PBXBuildFile; fileRef = 4BD9CFBE19DD4EAF004B0288 /* libavfilter.4.2.100.dylib */; };
		4BD9CFC519DD4EAF004B0288 /* libavformat.55.33.100.dylib in Frameworks */ = {isa = PBXBuildFile; fileRef = 4BD9CFBF19DD4EAF004B0288 /* libavformat.55.33.100.dylib */; };
		4BD9CFC619DD4EAF004B0288 /* libavresample.1.2.0.dylib in Frameworks */ = {isa = PBXBuildFile; fileRef = 4BD9CFC019DD4EAF004B0288 /* libavresample.1.2.0.dylib */; };
		4BD9CFC719DD4EAF004B0288 /* libavutil.52.66.100.dylib in Frameworks */ = {isa = PBXBuildFile; fileRef = 4BD9CFC119DD4EAF004B0288 /* libavutil.52.66.100.dylib */; };
/* End PBXBuildFile section */

/* Begin PBXCopyFilesBuildPhase section */
		4BD9CFB019DD4E68004B0288 /* CopyFiles */ = {
			isa = PBXCopyFilesBuildPhase;
			buildActionMask = 2147483647;
			dstPath = /usr/share/man/man1/;
			dstSubfolderSpec = 0;
			files = (
			);
			runOnlyForDeploymentPostprocessing = 1;
		};
/* End PBXCopyFilesBuildPhase section */

/* Begin PBXFileReference section */
		4BD9CFB219DD4E68004B0288 /* ffmpeg_sample */ = {isa = PBXFileReference; explicitFileType = "compiled.mach-o.executable"; includeInIndex = 0; path = ffmpeg_sample; sourceTree = BUILT_PRODUCTS_DIR; };
		4BD9CFB519DD4E68004B0288 /* main.cpp */ = {isa = PBXFileReference; lastKnownFileType = sourcecode.cpp.cpp; path = main.cpp; sourceTree = "<group>"; };
		4BD9CFBC19DD4EAF004B0288 /* libavcodec.55.52.102.dylib */ = {isa = PBXFileReference; lastKnownFileType = "compiled.mach-o.dylib"; name = libavcodec.55.52.102.dylib; path = ../../../../../../usr/local/Cellar/ffmpeg/2.2.3/lib/libavcodec.55.52.102.dylib; sourceTree = "<group>"; };
		4BD9CFBD19DD4EAF004B0288 /* libavdevice.55.10.100.dylib */ = {isa = PBXFileReference; lastKnownFileType = "compiled.mach-o.dylib"; name = libavdevice.55.10.100.dylib; path = ../../../../../../usr/local/Cellar/ffmpeg/2.2.3/lib/libavdevice.55.10.100.dylib; sourceTree = "<group>"; };
		4BD9CFBE19DD4EAF004B0288 /* libavfilter.4.2.100.dylib */ = {isa = PBXFileReference; lastKnownFileType = "compiled.mach-o.dylib"; name = libavfilter.4.2.100.dylib; path = ../../../../../../usr/local/Cellar/ffmpeg/2.2.3/lib/libavfilter.4.2.100.dylib; sourceTree = "<group>"; };
		4BD9CFBF19DD4EAF004B0288 /* libavformat.55.33.100.dylib */ = {isa = PBXFileReference; lastKnownFileType = "compiled.mach-o.dylib"; name = libavformat.55.33.100.dylib; path = ../../../../../../usr/local/Cellar/ffmpeg/2.2.3/lib/libavformat.55.33.100.dylib; sourceTree = "<group>"; };
		4BD9CFC019DD4EAF004B0288 /* libavresample.1.2.0.dylib */ = {isa = PBXFileReference; lastKnownFileType = "compiled.mach-o.dylib"; name = libavresample.1.2.0.dylib; path = ../../../../../../usr/local/Cellar/ffmpeg/2.2.3/lib/libavresample.1.2.0.dylib; sourceTree = "<group>"; };
		4BD9CFC119DD4EAF004B0288 /* libavutil.52.66.100.dylib */ = {isa = PBXFileReference; lastKnownFileType = "compiled.mach-o.dylib"; name = libavutil.52.66.100.dylib; path = ../../../../../../usr/local/Cellar/ffmpeg/2.2.3/lib/libavutil.52.66.100.dylib; sourceTree = "<group>"; };
/* End PBXFileReference section */

/* Begin PBXFrameworksBuildPhase section */
		4BD9CFAF19DD4E68004B0288 /* Frameworks */ = {
			isa = PBXFrameworksBuildPhase;
			buildActionMask = 2147483647;
			files = (
				4BD9CFC219DD4EAF004B0288 /* libavcodec.55.52.102.dylib in Frameworks */,
				4BD9CFC319DD4EAF004B0288 /* libavdevice.55.10.100.dylib in Frameworks */,
				4BD9CFC419DD4EAF004B0288 /* libavfilter.4.2.100.dylib in Frameworks */,
				4BD9CFC519DD4EAF004B0288 /* libavformat.55.33.100.dylib in Frameworks */,
				4BD9CFC619DD4EAF004B0288 /* libavresample.1.2.0.dylib in Frameworks */,
				4BD9CFC719DD4EAF004B0288 /* libavutil.52.66.100.dylib in Frameworks */,
			);
			runOnlyForDeploymentPostprocessing = 0;
		};
/* End PBXFrameworksBuildPhase section */

/* Begin PBXGroup section */
		4BD9CFA919DD4E68004B0288 = {
			isa = PBXGroup;
			children = (
				4BD9CFBC19DD4EAF004B0288 /* libavcodec.55.52.102.dylib */,
				4BD9CFBD19DD4EAF004B0288 /* libavdevice.55.10.100.dylib */,
				4BD9CFBE19DD4EAF004B0288 /* libavfilter.4.2.100.dylib */,
				4BD9CFBF19DD4EAF004B0288 /* libavformat.55.33.100.dylib */,
				4BD9CFC019DD4EAF004B0288 /* libavresample.1.2.0.dylib */,
				4BD9CFC119DD4EAF004B0288 /* libavutil.52.66.100.dylib */,
				4BD9CFB419DD4E68004B0288 /* ffmpeg_sample */,
				4BD9CFB319DD4E68004B0288 /* Products */,
			);
			sourceTree = "<group>";
		};
		4BD9CFB319DD4E68004B0288 /* Products */ = {
			isa = PBXGroup;
			children = (
				4BD9CFB219DD4E68004B0288 /* ffmpeg_sample */,
			);
			name = Products;
			sourceTree = "<group>";
		};
		4BD9CFB419DD4E68004B0288 /* ffmpeg_sample */ = {
			isa = PBXGroup;
			children = (
				4BD9CFB519DD4E68004B0288 /* main.cpp */,
			);
			path = ffmpeg_sample;
			sourceTree = "<group>";
		};
/* End PBXGroup section */

/* Begin PBXNativeTarget section */
		4BD9CFB119DD4E68004B0288 /* ffmpeg_sample */ = {
			isa = PBXNativeTarget;
			buildConfigurationList = 4BD9CFB919DD4E68004B0288 /* Build configuration list for PBXNativeTarget "ffmpeg_sample" */;
			buildPhases = (
				4BD9CFAE19DD4E68004B0288 /* Sources */,
				4BD9CFAF19DD4E68004B0288 /* Frameworks */,
				4BD9CFB019DD4E68004B0288 /* CopyFiles */,
			);
			buildRules = (
			);
			dependencies = (
			);
			name = ffmpeg_sample;
			productName = ffmpeg_sample;
			productReference = 4BD9CFB219DD4E68004B0288 /* ffmpeg_sample */;
			productType = "com.apple.product-type.tool";
		};
/* End PBXNativeTarget section */

/* Begin PBXProject section */
		4BD9CFAA19DD4E68004B0288 /* Project object */ = {
			isa = PBXProject;
			attributes = {
				LastUpgradeCheck = 0600;
				ORGANIZATIONNAME = "Ryunosuke Kirikihira";
				TargetAttributes = {
					4BD9CFB119DD4E68004B0288 = {
						CreatedOnToolsVersion = 6.0;
					};
				};
			};
			buildConfigurationList = 4BD9CFAD19DD4E68004B0288 /* Build configuration list for PBXProject "ffmpeg_sample" */;
			compatibilityVersion = "Xcode 3.2";
			developmentRegion = English;
			hasScannedForEncodings = 0;
			knownRegions = (
				en,
			);
			mainGroup = 4BD9CFA919DD4E68004B0288;
			productRefGroup = 4BD9CFB319DD4E68004B0288 /* Products */;
			projectDirPath = "";
			projectRoot = "";
			targets = (
				4BD9CFB119DD4E68004B0288 /* ffmpeg_sample */,
			);
		};
/* End PBXProject section */

/* Begin PBXSourcesBuildPhase section */
		4BD9CFAE19DD4E68004B0288 /* Sources */ = {
			isa = PBXSourcesBuildPhase;
			buildActionMask = 2147483647;
			files = (
				4BD9CFB619DD4E68004B0288 /* main.cpp in Sources */,
			);
			runOnlyForDeploymentPostprocessing = 0;
		};
/* End PBXSourcesBuildPhase section */

/* Begin XCBuildConfiguration section */
		4BD9CFB719DD4E68004B0288 /* Debug */ = {
			isa = XCBuildConfiguration;
			buildSettings = {
				ALWAYS_SEARCH_USER_PATHS = NO;
				CLANG_CXX_LANGUAGE_STANDARD = "gnu++0x";
				CLANG_CXX_LIBRARY = "libc++";
				CLANG_ENABLE_MODULES = YES;
				CLANG_ENABLE_OBJC_ARC = YES;
				CLANG_WARN_BOOL_CONVERSION = YES;
				CLANG_WARN_CONSTANT_CONVERSION = YES;
				CLANG_WARN_DIRECT_OBJC_ISA_USAGE = YES_ERROR;
				CLANG_WARN_EMPTY_BODY = YES;
				CLANG_WARN_ENUM_CONVERSION = YES;
				CLANG_WARN_INT_CONVERSION = YES;
				CLANG_WARN_OBJC_ROOT_CLASS = YES_ERROR;
				CLANG_WARN_UNREACHABLE_CODE = YES;
				CLANG_WARN__DUPLICATE_METHOD_MATCH = YES;
				COPY_PHASE_STRIP = NO;
				ENABLE_STRICT_OBJC_MSGSEND = YES;
				GCC_C_LANGUAGE_STANDARD = gnu99;
				GCC_DYNAMIC_NO_PIC = NO;
				GCC_OPTIMIZATION_LEVEL = 0;
				GCC_PREPROCESSOR_DEFINITIONS = (
					"DEBUG=1",
					"$(inherited)",
				);
				GCC_SYMBOLS_PRIVATE_EXTERN = NO;
				GCC_WARN_64_TO_32_BIT_CONVERSION = YES;
				GCC_WARN_ABOUT_RETURN_TYPE = YES_ERROR;
				GCC_WARN_UNDECLARED_SELECTOR = YES;
				GCC_WARN_UNINITIALIZED_AUTOS = YES_AGGRESSIVE;
				GCC_WARN_UNUSED_FUNCTION = YES;
				GCC_WARN_UNUSED_VARIABLE = YES;
				MACOSX_DEPLOYMENT_TARGET = 10.9;
				MTL_ENABLE_DEBUG_INFO = YES;
				ONLY_ACTIVE_ARCH = YES;
				SDKROOT = macosx;
			};
			name = Debug;
		};
		4BD9CFB819DD4E68004B0288 /* Release */ = {
			isa = XCBuildConfiguration;
			buildSettings = {
				ALWAYS_SEARCH_USER_PATHS = NO;
				CLANG_CXX_LANGUAGE_STANDARD = "gnu++0x";
				CLANG_CXX_LIBRARY = "libc++";
				CLANG_ENABLE_MODULES = YES;
				CLANG_ENABLE_OBJC_ARC = YES;
				CLANG_WARN_BOOL_CONVERSION = YES;
				CLANG_WARN_CONSTANT_CONVERSION = YES;
				CLANG_WARN_DIRECT_OBJC_ISA_USAGE = YES_ERROR;
				CLANG_WARN_EMPTY_BODY = YES;
				CLANG_WARN_ENUM_CONVERSION = YES;
				CLANG_WARN_INT_CONVERSION = YES;
				CLANG_WARN_OBJC_ROOT_CLASS = YES_ERROR;
				CLANG_WARN_UNREACHABLE_CODE = YES;
				CLANG_WARN__DUPLICATE_METHOD_MATCH = YES;
				COPY_PHASE_STRIP = YES;
				DEBUG_INFORMATION_FORMAT = "dwarf-with-dsym";
				ENABLE_NS_ASSERTIONS = NO;
				ENABLE_STRICT_OBJC_MSGSEND = YES;
				GCC_C_LANGUAGE_STANDARD = gnu99;
				GCC_WARN_64_TO_32_BIT_CONVERSION = YES;
				GCC_WARN_ABOUT_RETURN_TYPE = YES_ERROR;
				GCC_WARN_UNDECLARED_SELECTOR = YES;
				GCC_WARN_UNINITIALIZED_AUTOS = YES_AGGRESSIVE;
				GCC_WARN_UNUSED_FUNCTION = YES;
				GCC_WARN_UNUSED_VARIABLE = YES;
				MACOSX_DEPLOYMENT_TARGET = 10.9;
				MTL_ENABLE_DEBUG_INFO = NO;
				SDKROOT = macosx;
			};
			name = Release;
		};
		4BD9CFBA19DD4E68004B0288 /* Debug */ = {
			isa = XCBuildConfiguration;
			buildSettings = {
				CLANG_CXX_LIBRARY = "compiler-default";
				HEADER_SEARCH_PATHS = (
					"$(inherited)",
					/Applications/Xcode.app/Contents/Developer/Toolchains/XcodeDefault.xctoolchain/usr/include,
					/usr/local/include,
				);
				LIBRARY_SEARCH_PATHS = (
					"$(inherited)",
					/usr/local/Cellar/ffmpeg/2.2.3/lib,
				);
				PRODUCT_NAME = "$(TARGET_NAME)";
			};
			name = Debug;
		};
		4BD9CFBB19DD4E68004B0288 /* Release */ = {
			isa = XCBuildConfiguration;
			buildSettings = {
				CLANG_CXX_LIBRARY = "compiler-default";
				HEADER_SEARCH_PATHS = (
					"$(inherited)",
					/Applications/Xcode.app/Contents/Developer/Toolchains/XcodeDefault.xctoolchain/usr/include,
					/usr/local/include,
				);
				LIBRARY_SEARCH_PATHS = (
					"$(inherited)",
					/usr/local/Cellar/ffmpeg/2.2.3/lib,
				);
				PRODUCT_NAME = "$(TARGET_NAME)";
			};
			name = Release;
		};
/* End XCBuildConfiguration section */

/* Begin XCConfigurationList section */
		4BD9CFAD19DD4E68004B0288 /* Build configuration list for PBXProject "ffmpeg_sample" */ = {
			isa = XCConfigurationList;
			buildConfigurations = (
				4BD9CFB719DD4E68004B0288 /* Debug */,
				4BD9CFB819DD4E68004B0288 /* Release */,
			);
			defaultConfigurationIsVisible = 0;
			defaultConfigurationName = Release;
		};
		4BD9CFB919DD4E68004B0288 /* Build configuration list for PBXNativeTarget "ffmpeg_sample" */ = {
			isa = XCConfigurationList;
			buildConfigurations = (
				4BD9CFBA19DD4E68004B0288 /* Debug */,
				4BD9CFBB19DD4E68004B0288 /* Release */,
			);
			defaultConfigurationIsVisible = 0;
		};
/* End XCConfigurationList section */
	};
	rootObject = 4BD9CFAA19DD4E68004B0288 /* Project object */;
}
